
Microsoft Visual Studio Solution File, Format Version 12.00
# Visual Studio Version 17
VisualStudioVersion = 17.9.34701.34
MinimumVisualStudioVersion = 10.0.40219.1
Project("{FAE04EC0-301F-11D3-BF4B-00C04F79EFBC}") = "FourthLab", "FourthLab\FourthLab.csproj", "{A68970FE-1291-45D5-B84A-7C76B621DF0B}"
EndProject
Global
	GlobalSection(SolutionConfigurationPlatforms) = preSolution
		Debug|Any CPU = Debug|Any CPU
		Release|Any CPU = Release|Any CPU
	EndGlobalSection
	GlobalSection(ProjectConfigurationPlatforms) = postSolution
		{A68970FE-1291-45D5-B84A-7C76B621DF0B}.Debug|Any CPU.ActiveCfg = Debug|Any CPU
		{A68970FE-1291-45D5-B84A-7C76B621DF0B}.Debug|Any CPU.Build.0 = Debug|Any CPU
		{A68970FE-1291-45D5-B84A-7C76B621DF0B}.Release|Any CPU.ActiveCfg = Release|Any CPU
		{A68970FE-1291-45D5-B84A-7C76B621DF0B}.Release|Any CPU.Build.0 = Release|Any CPU
	EndGlobalSection
	GlobalSection(SolutionProperties) = preSolution
		HideSolutionNode = FALSE
	EndGlobalSection
	GlobalSection(ExtensibilityGlobals) = postSolution
		SolutionGuid = {3525AB1C-9BC0-4077-BFB5-3BCDDD7FEC6A}
	EndGlobalSection
EndGlobal
